
Microsoft Visual Studio Solution File, Format Version 12.00
# Visual Studio Version 17
VisualStudioVersion = 17.6.33712.159
MinimumVisualStudioVersion = 10.0.40219.1
Project("{FAE04EC0-301F-11D3-BF4B-00C04F79EFBC}") = "ProjectA", "ProjectA.csproj", "{BD01F414-C6E6-4161-8F17-C5136B5B33D5}"
EndProject
Global
	GlobalSection(SolutionConfigurationPlatforms) = preSolution
		Debug|Any CPU = Debug|Any CPU
		Release|Any CPU = Release|Any CPU
	EndGlobalSection
	GlobalSection(ProjectConfigurationPlatforms) = postSolution
		{BD01F414-C6E6-4161-8F17-C5136B5B33D5}.Debug|Any CPU.ActiveCfg = Debug|Any CPU
		{BD01F414-C6E6-4161-8F17-C5136B5B33D5}.Debug|Any CPU.Build.0 = Debug|Any CPU
		{BD01F414-C6E6-4161-8F17-C5136B5B33D5}.Release|Any CPU.ActiveCfg = Release|Any CPU
		{BD01F414-C6E6-4161-8F17-C5136B5B33D5}.Release|Any CPU.Build.0 = Release|Any CPU
	EndGlobalSection
	GlobalSection(SolutionProperties) = preSolution
		HideSolutionNode = FALSE
	EndGlobalSection
	GlobalSection(ExtensibilityGlobals) = postSolution
		SolutionGuid = {08F38254-8A52-43B1-A765-565ABF3E4328}
	EndGlobalSection
EndGlobal
